// !$*UTF8*$!
{
	archiveVersion = 1;
	classes = {
	};
	objectVersion = 46;
	objects = {

/* Begin PBXBuildFile section */
		030AFB2E127D08BF00C9E0C6 /* SPWifiMapVC.m in Sources */ = {isa = PBXBuildFile; fileRef = 030AFB2C127D08BF00C9E0C6 /* SPWifiMapVC.m */; };
		030AFB2F127D08BF00C9E0C6 /* SPWifiMapVC.xib in Resources */ = {isa = PBXBuildFile; fileRef = 030AFB2D127D08BF00C9E0C6 /* SPWifiMapVC.xib */; };
		030AFBA4127D0D6F00C9E0C6 /* SPWifiAnnotation.m in Sources */ = {isa = PBXBuildFile; fileRef = 030AFBA3127D0D6F00C9E0C6 /* SPWifiAnnotation.m */; };
		0310C65510C4BE0800E7ACD2 /* SPImageVC.m in Sources */ = {isa = PBXBuildFile; fileRef = 0310C65410C4BE0800E7ACD2 /* SPImageVC.m */; };
		031748B910B6E35C00B6116E /* SPEmailASAccount.m in Sources */ = {isa = PBXBuildFile; fileRef = 031748B810B6E35C00B6116E /* SPEmailASAccount.m */; };
		031748C010B6E63E00B6116E /* SPEmailAccount.m in Sources */ = {isa = PBXBuildFile; fileRef = 031748BF10B6E63E00B6116E /* SPEmailAccount.m */; };
		031748C710B6E98800B6116E /* SPEmailPOPAccount.m in Sources */ = {isa = PBXBuildFile; fileRef = 031748C610B6E98800B6116E /* SPEmailPOPAccount.m */; };
		031748CA10B6E9A000B6116E /* SPEmailIToolsAccount.m in Sources */ = {isa = PBXBuildFile; fileRef = 031748C910B6E9A000B6116E /* SPEmailIToolsAccount.m */; };
		0317498610B6F3A300B6116E /* SPEmailGmailAccount.m in Sources */ = {isa = PBXBuildFile; fileRef = 0317498510B6F3A300B6116E /* SPEmailGmailAccount.m */; };
		0317498910B6F49300B6116E /* SPEmailIMAPAccount.m in Sources */ = {isa = PBXBuildFile; fileRef = 0317498810B6F49300B6116E /* SPEmailIMAPAccount.m */; };
		031749AF10B6FB9C00B6116E /* AddressBook.framework in Frameworks */ = {isa = PBXBuildFile; fileRef = 031749AE10B6FB9C00B6116E /* AddressBook.framework */; };
		0317DE6910FF95CC00C5C2D4 /* MediaPlayer.framework in Frameworks */ = {isa = PBXBuildFile; fileRef = 0317DE6810FF95CC00C5C2D4 /* MediaPlayer.framework */; };
		0317DE7C10FF98E900C5C2D4 /* Settings.bundle in Resources */ = {isa = PBXBuildFile; fileRef = 0317DE7B10FF98E900C5C2D4 /* Settings.bundle */; };
		031CD55010BB4A29007C133E /* Email.png in Resources */ = {isa = PBXBuildFile; fileRef = 031CD54810BB4A29007C133E /* Email.png */; };
		031CD55110BB4A29007C133E /* Location.png in Resources */ = {isa = PBXBuildFile; fileRef = 031CD54910BB4A29007C133E /* Location.png */; };
		031CD55310BB4A29007C133E /* Phone.png in Resources */ = {isa = PBXBuildFile; fileRef = 031CD54B10BB4A29007C133E /* Phone.png */; };
		031CD55410BB4A29007C133E /* Photos.png in Resources */ = {isa = PBXBuildFile; fileRef = 031CD54C10BB4A29007C133E /* Photos.png */; };
		031CD5BC10BB4F7B007C133E /* AddressBook.png in Resources */ = {isa = PBXBuildFile; fileRef = 031CD5BB10BB4F7B007C133E /* AddressBook.png */; };
		031CD5BE10BB5004007C133E /* YouTube.png in Resources */ = {isa = PBXBuildFile; fileRef = 031CD5BD10BB5004007C133E /* YouTube.png */; };
		031CD5C210BB502A007C133E /* Wifi.png in Resources */ = {isa = PBXBuildFile; fileRef = 031CD5C110BB502A007C133E /* Wifi.png */; };
		031CD5EB10BB5152007C133E /* Safari.png in Resources */ = {isa = PBXBuildFile; fileRef = 031CD5EA10BB5152007C133E /* Safari.png */; };
		0328F4CF10B0614A0074A5A1 /* SPAllSourcesTVC.m in Sources */ = {isa = PBXBuildFile; fileRef = 0328F4CE10B0614A0074A5A1 /* SPAllSourcesTVC.m */; };
		0328F50A10B065530074A5A1 /* SPCell.m in Sources */ = {isa = PBXBuildFile; fileRef = 0328F50910B065530074A5A1 /* SPCell.m */; };
		0328F51410B065B80074A5A1 /* SPCell.xib in Resources */ = {isa = PBXBuildFile; fileRef = 0328F51310B065B80074A5A1 /* SPCell.xib */; };
		0328F56310B070AE0074A5A1 /* SPSourceTVC.xib in Resources */ = {isa = PBXBuildFile; fileRef = 0328F56210B070AE0074A5A1 /* SPSourceTVC.xib */; };
		0328F56A10B071110074A5A1 /* SPSourceEmailTVC.m in Sources */ = {isa = PBXBuildFile; fileRef = 0328F56910B071110074A5A1 /* SPSourceEmailTVC.m */; };
		0328F61910B07F360074A5A1 /* SPSourceWifiTVC.m in Sources */ = {isa = PBXBuildFile; fileRef = 0328F61810B07F360074A5A1 /* SPSourceWifiTVC.m */; };
		0328F6BC10B088DD0074A5A1 /* SPSourcePhoneTVC.m in Sources */ = {isa = PBXBuildFile; fileRef = 0328F6BB10B088DD0074A5A1 /* SPSourcePhoneTVC.m */; };
		0328F74310B095BA0074A5A1 /* MapKit.framework in Frameworks */ = {isa = PBXBuildFile; fileRef = 0328F74210B095BA0074A5A1 /* MapKit.framework */; };
		0328F75210B09AA60074A5A1 /* SPSourceLocationTVC.m in Sources */ = {isa = PBXBuildFile; fileRef = 0328F75110B09AA60074A5A1 /* SPSourceLocationTVC.m */; };
		0328F80F10B0A8B70074A5A1 /* SPSourcePhotosTVC.m in Sources */ = {isa = PBXBuildFile; fileRef = 0328F80E10B0A8B70074A5A1 /* SPSourcePhotosTVC.m */; };
		0328F8BC10B0B1780074A5A1 /* SPWebViewVC.xib in Resources */ = {isa = PBXBuildFile; fileRef = 0328F8BB10B0B1780074A5A1 /* SPWebViewVC.xib */; };
		0328F8C010B0B1AE0074A5A1 /* SPWebViewVC.m in Sources */ = {isa = PBXBuildFile; fileRef = 0328F8BF10B0B1AE0074A5A1 /* SPWebViewVC.m */; };
		0328F96110B0CB140074A5A1 /* SPSourceAddressBookTVC.m in Sources */ = {isa = PBXBuildFile; fileRef = 0328F96010B0CB140074A5A1 /* SPSourceAddressBookTVC.m */; };
		032A7D9010B844EF00E7FB65 /* CoreLocation.framework in Frameworks */ = {isa = PBXBuildFile; fileRef = 032A7D8F10B844EF00E7FB65 /* CoreLocation.framework */; };
		032A7E0610B84C1800E7FB65 /* UIImage+GPS.m in Sources */ = {isa = PBXBuildFile; fileRef = 032A7E0510B84C1800E7FB65 /* UIImage+GPS.m */; };
		032A7EAD10B85E7F00E7FB65 /* SPImageMapVC.xib in Resources */ = {isa = PBXBuildFile; fileRef = 032A7EAC10B85E7F00E7FB65 /* SPImageMapVC.xib */; };
		032A7EB110B85E9C00E7FB65 /* SPImageMapVC.m in Sources */ = {isa = PBXBuildFile; fileRef = 032A7EB010B85E9C00E7FB65 /* SPImageMapVC.m */; };
		032A7ECB10B8617C00E7FB65 /* SPImageAnnotation.m in Sources */ = {isa = PBXBuildFile; fileRef = 032A7ECA10B8617C00E7FB65 /* SPImageAnnotation.m */; };
		032A809A10B8799300E7FB65 /* SPImageVC.xib in Resources */ = {isa = PBXBuildFile; fileRef = 032A809910B8799300E7FB65 /* SPImageVC.xib */; };
		032A80F410B8816300E7FB65 /* Icon.png in Resources */ = {isa = PBXBuildFile; fileRef = 032A80F210B8816300E7FB65 /* Icon.png */; };
		032A810110B8821D00E7FB65 /* white_hat.png in Resources */ = {isa = PBXBuildFile; fileRef = 032A80F110B8816300E7FB65 /* white_hat.png */; };
		032A811C10B883FB00E7FB65 /* Default.png in Resources */ = {isa = PBXBuildFile; fileRef = 032A811B10B883FB00E7FB65 /* Default.png */; };
		032A819310B8E7BA00E7FB65 /* SPEmailReportVC.xib in Resources */ = {isa = PBXBuildFile; fileRef = 032A819210B8E7BA00E7FB65 /* SPEmailReportVC.xib */; };
		032A819710B8E7C600E7FB65 /* SPEmailReportVC.m in Sources */ = {isa = PBXBuildFile; fileRef = 032A819610B8E7C600E7FB65 /* SPEmailReportVC.m */; };
		032A81CA10B8EB6100E7FB65 /* MessageUI.framework in Frameworks */ = {isa = PBXBuildFile; fileRef = 032A81C910B8EB6100E7FB65 /* MessageUI.framework */; };
		03380599127CEC2500EAFE64 /* FMDatabase.m in Sources */ = {isa = PBXBuildFile; fileRef = 03380594127CEC2500EAFE64 /* FMDatabase.m */; };
		0338059A127CEC2500EAFE64 /* FMDatabaseAdditions.m in Sources */ = {isa = PBXBuildFile; fileRef = 03380596127CEC2500EAFE64 /* FMDatabaseAdditions.m */; };
		0338059B127CEC2500EAFE64 /* FMResultSet.m in Sources */ = {isa = PBXBuildFile; fileRef = 03380598127CEC2500EAFE64 /* FMResultSet.m */; };
		033805AE127CEC3100EAFE64 /* EXFGPS.m in Sources */ = {isa = PBXBuildFile; fileRef = 0338059F127CEC3100EAFE64 /* EXFGPS.m */; };
		033805AF127CEC3100EAFE64 /* EXFHandlers.m in Sources */ = {isa = PBXBuildFile; fileRef = 033805A1127CEC3100EAFE64 /* EXFHandlers.m */; };
		033805B0127CEC3100EAFE64 /* EXFJFIF.m in Sources */ = {isa = PBXBuildFile; fileRef = 033805A3127CEC3100EAFE64 /* EXFJFIF.m */; };
		033805B1127CEC3100EAFE64 /* EXFJpeg.m in Sources */ = {isa = PBXBuildFile; fileRef = 033805A5127CEC3100EAFE64 /* EXFJpeg.m */; };
		033805B2127CEC3100EAFE64 /* EXFMetaData.m in Sources */ = {isa = PBXBuildFile; fileRef = 033805A8127CEC3100EAFE64 /* EXFMetaData.m */; };
		033805B3127CEC3100EAFE64 /* EXFTagDefinitionHolder.m in Sources */ = {isa = PBXBuildFile; fileRef = 033805AB127CEC3100EAFE64 /* EXFTagDefinitionHolder.m */; };
		033805B4127CEC3100EAFE64 /* EXFUtils.m in Sources */ = {isa = PBXBuildFile; fileRef = 033805AD127CEC3100EAFE64 /* EXFUtils.m */; };
		033805B8127CEC4200EAFE64 /* OUILookupTool.m in Sources */ = {isa = PBXBuildFile; fileRef = 033805B7127CEC4200EAFE64 /* OUILookupTool.m */; };
		033805DC127CECF900EAFE64 /* LICENSE in Resources */ = {isa = PBXBuildFile; fileRef = 033805CD127CECF900EAFE64 /* LICENSE */; };
		033805DD127CECF900EAFE64 /* NSObject+SBJSON.m in Sources */ = {isa = PBXBuildFile; fileRef = 033805CF127CECF900EAFE64 /* NSObject+SBJSON.m */; };
		033805DE127CECF900EAFE64 /* NSString+SBJSON.m in Sources */ = {isa = PBXBuildFile; fileRef = 033805D1127CECF900EAFE64 /* NSString+SBJSON.m */; };
		033805DF127CECF900EAFE64 /* Readme.markdown in Resources */ = {isa = PBXBuildFile; fileRef = 033805D2127CECF900EAFE64 /* Readme.markdown */; };
		033805E0127CECF900EAFE64 /* SBJsonBase.m in Sources */ = {isa = PBXBuildFile; fileRef = 033805D4127CECF900EAFE64 /* SBJsonBase.m */; };
		033805E1127CECF900EAFE64 /* SBJsonParser.m in Sources */ = {isa = PBXBuildFile; fileRef = 033805D6127CECF900EAFE64 /* SBJsonParser.m */; };
		033805E2127CECF900EAFE64 /* SBJsonStreamWriter.m in Sources */ = {isa = PBXBuildFile; fileRef = 033805D8127CECF900EAFE64 /* SBJsonStreamWriter.m */; };
		033805E3127CECF900EAFE64 /* SBJsonWriter.m in Sources */ = {isa = PBXBuildFile; fileRef = 033805DA127CECF900EAFE64 /* SBJsonWriter.m */; };
		0364934110B16DDD00C88803 /* SPSourceKeyboardTVC.m in Sources */ = {isa = PBXBuildFile; fileRef = 0364934010B16DDD00C88803 /* SPSourceKeyboardTVC.m */; };
		0364948C10B28BC800C88803 /* SPSourceTVC.m in Sources */ = {isa = PBXBuildFile; fileRef = 0364948B10B28BC800C88803 /* SPSourceTVC.m */; };
		037D3A8110F3D57B003A85B0 /* SPEmailMobileMeAccount.m in Sources */ = {isa = PBXBuildFile; fileRef = 037D3A8010F3D57B003A85B0 /* SPEmailMobileMeAccount.m */; };
		037F2E0E128D2E6300EE7E19 /* QuartzCore.framework in Frameworks */ = {isa = PBXBuildFile; fileRef = 037F2E0D128D2E6300EE7E19 /* QuartzCore.framework */; };
		03B2C04E10BB624F00E05ECB /* Keyboard.png in Resources */ = {isa = PBXBuildFile; fileRef = 03B2C04D10BB624F00E05ECB /* Keyboard.png */; };
		03B2C06110BB62A300E05ECB /* data.png in Resources */ = {isa = PBXBuildFile; fileRef = 03B2C06010BB62A300E05ECB /* data.png */; };
		03B2C09410BB66DB00E05ECB /* report.png in Resources */ = {isa = PBXBuildFile; fileRef = 03B2C09310BB66DB00E05ECB /* report.png */; };
		03B6EFCA10BB547600CF9139 /* gpl-2.0.txt in Resources */ = {isa = PBXBuildFile; fileRef = 03B6EFC910BB547600CF9139 /* gpl-2.0.txt */; };
		03B6F00410BB588A00CF9139 /* white_hat_mask.png in Resources */ = {isa = PBXBuildFile; fileRef = 03B6F00310BB588A00CF9139 /* white_hat_mask.png */; };
		03B6F03510BB5F4800CF9139 /* email_mask.png in Resources */ = {isa = PBXBuildFile; fileRef = 03B6F03410BB5F4800CF9139 /* email_mask.png */; };
		03F2472F1236E25E0017F214 /* libsqlite3.dylib in Frameworks */ = {isa = PBXBuildFile; fileRef = 03F2472E1236E25E0017F214 /* libsqlite3.dylib */; };
		03F2481F1236EFAC0017F214 /* NSNumber+SP.m in Sources */ = {isa = PBXBuildFile; fileRef = 03F2481E1236EFAC0017F214 /* NSNumber+SP.m */; };
		1D3623260D0F684500981E51 /* SpyPhoneAppDelegate.m in Sources */ = {isa = PBXBuildFile; fileRef = 1D3623250D0F684500981E51 /* SpyPhoneAppDelegate.m */; };
		1D60589B0D05DD56006BFB54 /* main.m in Sources */ = {isa = PBXBuildFile; fileRef = 29B97316FDCFA39411CA2CEA /* main.m */; };
		1D60589F0D05DD5A006BFB54 /* Foundation.framework in Frameworks */ = {isa = PBXBuildFile; fileRef = 1D30AB110D05D00D00671497 /* Foundation.framework */; };
		1DF5F4E00D08C38300B7A737 /* UIKit.framework in Frameworks */ = {isa = PBXBuildFile; fileRef = 1DF5F4DF0D08C38300B7A737 /* UIKit.framework */; };
		282CCBFE0DB6C98000C4EA27 /* Sources.xib in Resources */ = {isa = PBXBuildFile; fileRef = 282CCBFD0DB6C98000C4EA27 /* Sources.xib */; };
		288765080DF74369002DB57D /* CoreGraphics.framework in Frameworks */ = {isa = PBXBuildFile; fileRef = 288765070DF74369002DB57D /* CoreGraphics.framework */; };
		28AD73880D9D96C1002E5188 /* MainWindow.xib in Resources */ = {isa = PBXBuildFile; fileRef = 28AD73870D9D96C1002E5188 /* MainWindow.xib */; };
		5F0DA1BC12829A6E00CD3B56 /* TVOutManager.m in Sources */ = {isa = PBXBuildFile; fileRef = 5F0DA1BB12829A6E00CD3B56 /* TVOutManager.m */; };
		5F38C609127EBB37003CA424 /* CoreTelephony.framework in Frameworks */ = {isa = PBXBuildFile; fileRef = 5F38C608127EBB37003CA424 /* CoreTelephony.framework */; };
/* End PBXBuildFile section */

/* Begin PBXFileReference section */
		030AFB2B127D08BF00C9E0C6 /* SPWifiMapVC.h */ = {isa = PBXFileReference; fileEncoding = 4; lastKnownFileType = sourcecode.c.h; path = SPWifiMapVC.h; sourceTree = "<group>"; };
		030AFB2C127D08BF00C9E0C6 /* SPWifiMapVC.m */ = {isa = PBXFileReference; fileEncoding = 4; lastKnownFileType = sourcecode.c.objc; path = SPWifiMapVC.m; sourceTree = "<group>"; };
		030AFB2D127D08BF00C9E0C6 /* SPWifiMapVC.xib */ = {isa = PBXFileReference; lastKnownFileType = file.xib; name = SPWifiMapVC.xib; path = Classes/SPWifiMapVC.xib; sourceTree = "<group>"; };
		030AFBA2127D0D6F00C9E0C6 /* SPWifiAnnotation.h */ = {isa = PBXFileReference; fileEncoding = 4; lastKnownFileType = sourcecode.c.h; path = SPWifiAnnotation.h; sourceTree = "<group>"; };
		030AFBA3127D0D6F00C9E0C6 /* SPWifiAnnotation.m */ = {isa = PBXFileReference; fileEncoding = 4; lastKnownFileType = sourcecode.c.objc; path = SPWifiAnnotation.m; sourceTree = "<group>"; };
		0310C65310C4BE0800E7ACD2 /* SPImageVC.h */ = {isa = PBXFileReference; fileEncoding = 4; lastKnownFileType = sourcecode.c.h; path = SPImageVC.h; sourceTree = "<group>"; };
		0310C65410C4BE0800E7ACD2 /* SPImageVC.m */ = {isa = PBXFileReference; fileEncoding = 4; lastKnownFileType = sourcecode.c.objc; path = SPImageVC.m; sourceTree = "<group>"; };
		031748B710B6E35C00B6116E /* SPEmailASAccount.h */ = {isa = PBXFileReference; fileEncoding = 4; lastKnownFileType = sourcecode.c.h; path = SPEmailASAccount.h; sourceTree = "<group>"; };
		031748B810B6E35C00B6116E /* SPEmailASAccount.m */ = {isa = PBXFileReference; fileEncoding = 4; lastKnownFileType = sourcecode.c.objc; path = SPEmailASAccount.m; sourceTree = "<group>"; };
		031748BE10B6E63E00B6116E /* SPEmailAccount.h */ = {isa = PBXFileReference; fileEncoding = 4; lastKnownFileType = sourcecode.c.h; path = SPEmailAccount.h; sourceTree = "<group>"; };
		031748BF10B6E63E00B6116E /* SPEmailAccount.m */ = {isa = PBXFileReference; fileEncoding = 4; lastKnownFileType = sourcecode.c.objc; path = SPEmailAccount.m; sourceTree = "<group>"; };
		031748C510B6E98800B6116E /* SPEmailPOPAccount.h */ = {isa = PBXFileReference; fileEncoding = 4; lastKnownFileType = sourcecode.c.h; path = SPEmailPOPAccount.h; sourceTree = "<group>"; };
		031748C610B6E98800B6116E /* SPEmailPOPAccount.m */ = {isa = PBXFileReference; fileEncoding = 4; lastKnownFileType = sourcecode.c.objc; path = SPEmailPOPAccount.m; sourceTree = "<group>"; };
		031748C810B6E9A000B6116E /* SPEmailIToolsAccount.h */ = {isa = PBXFileReference; fileEncoding = 4; lastKnownFileType = sourcecode.c.h; path = SPEmailIToolsAccount.h; sourceTree = "<group>"; };
		031748C910B6E9A000B6116E /* SPEmailIToolsAccount.m */ = {isa = PBXFileReference; fileEncoding = 4; lastKnownFileType = sourcecode.c.objc; path = SPEmailIToolsAccount.m; sourceTree = "<group>"; };
		0317498410B6F3A300B6116E /* SPEmailGmailAccount.h */ = {isa = PBXFileReference; fileEncoding = 4; lastKnownFileType = sourcecode.c.h; path = SPEmailGmailAccount.h; sourceTree = "<group>"; };
		0317498510B6F3A300B6116E /* SPEmailGmailAccount.m */ = {isa = PBXFileReference; fileEncoding = 4; lastKnownFileType = sourcecode.c.objc; path = SPEmailGmailAccount.m; sourceTree = "<group>"; };
		0317498710B6F49300B6116E /* SPEmailIMAPAccount.h */ = {isa = PBXFileReference; fileEncoding = 4; lastKnownFileType = sourcecode.c.h; path = SPEmailIMAPAccount.h; sourceTree = "<group>"; };
		0317498810B6F49300B6116E /* SPEmailIMAPAccount.m */ = {isa = PBXFileReference; fileEncoding = 4; lastKnownFileType = sourcecode.c.objc; path = SPEmailIMAPAccount.m; sourceTree = "<group>"; };
		031749AE10B6FB9C00B6116E /* AddressBook.framework */ = {isa = PBXFileReference; lastKnownFileType = wrapper.framework; name = AddressBook.framework; path = System/Library/Frameworks/AddressBook.framework; sourceTree = SDKROOT; };
		0317DE6810FF95CC00C5C2D4 /* MediaPlayer.framework */ = {isa = PBXFileReference; lastKnownFileType = wrapper.framework; name = MediaPlayer.framework; path = System/Library/Frameworks/MediaPlayer.framework; sourceTree = SDKROOT; };
		0317DE7B10FF98E900C5C2D4 /* Settings.bundle */ = {isa = PBXFileReference; lastKnownFileType = "wrapper.plug-in"; path = Settings.bundle; sourceTree = "<group>"; };
		031CD54810BB4A29007C133E /* Email.png */ = {isa = PBXFileReference; lastKnownFileType = image.png; path = Email.png; sourceTree = "<group>"; };
		031CD54910BB4A29007C133E /* Location.png */ = {isa = PBXFileReference; lastKnownFileType = image.png; path = Location.png; sourceTree = "<group>"; };
		031CD54B10BB4A29007C133E /* Phone.png */ = {isa = PBXFileReference; lastKnownFileType = image.png; path = Phone.png; sourceTree = "<group>"; };
		031CD54C10BB4A29007C133E /* Photos.png */ = {isa = PBXFileReference; lastKnownFileType = image.png; path = Photos.png; sourceTree = "<group>"; };
		031CD5BB10BB4F7B007C133E /* AddressBook.png */ = {isa = PBXFileReference; lastKnownFileType = image.png; path = AddressBook.png; sourceTree = "<group>"; };
		031CD5BD10BB5004007C133E /* YouTube.png */ = {isa = PBXFileReference; lastKnownFileType = image.png; path = YouTube.png; sourceTree = "<group>"; };
		031CD5C110BB502A007C133E /* Wifi.png */ = {isa = PBXFileReference; lastKnownFileType = image.png; path = Wifi.png; sourceTree = "<group>"; };
		031CD5EA10BB5152007C133E /* Safari.png */ = {isa = PBXFileReference; lastKnownFileType = image.png; path = Safari.png; sourceTree = "<group>"; };
		0328F4CD10B0614A0074A5A1 /* SPAllSourcesTVC.h */ = {isa = PBXFileReference; fileEncoding = 4; lastKnownFileType = sourcecode.c.h; path = SPAllSourcesTVC.h; sourceTree = "<group>"; };
		0328F4CE10B0614A0074A5A1 /* SPAllSourcesTVC.m */ = {isa = PBXFileReference; fileEncoding = 4; lastKnownFileType = sourcecode.c.objc; path = SPAllSourcesTVC.m; sourceTree = "<group>"; };
		0328F50810B065530074A5A1 /* SPCell.h */ = {isa = PBXFileReference; fileEncoding = 4; lastKnownFileType = sourcecode.c.h; path = SPCell.h; sourceTree = "<group>"; };
		0328F50910B065530074A5A1 /* SPCell.m */ = {isa = PBXFileReference; fileEncoding = 4; lastKnownFileType = sourcecode.c.objc; path = SPCell.m; sourceTree = "<group>"; };
		0328F51310B065B80074A5A1 /* SPCell.xib */ = {isa = PBXFileReference; lastKnownFileType = file.xib; path = SPCell.xib; sourceTree = "<group>"; };
		0328F56210B070AE0074A5A1 /* SPSourceTVC.xib */ = {isa = PBXFileReference; lastKnownFileType = file.xib; path = SPSourceTVC.xib; sourceTree = "<group>"; };
		0328F56810B071110074A5A1 /* SPSourceEmailTVC.h */ = {isa = PBXFileReference; fileEncoding = 4; lastKnownFileType = sourcecode.c.h; path = SPSourceEmailTVC.h; sourceTree = "<group>"; };
		0328F56910B071110074A5A1 /* SPSourceEmailTVC.m */ = {isa = PBXFileReference; fileEncoding = 4; lastKnownFileType = sourcecode.c.objc; path = SPSourceEmailTVC.m; sourceTree = "<group>"; };
		0328F61710B07F360074A5A1 /* SPSourceWifiTVC.h */ = {isa = PBXFileReference; fileEncoding = 4; lastKnownFileType = sourcecode.c.h; path = SPSourceWifiTVC.h; sourceTree = "<group>"; };
		0328F61810B07F360074A5A1 /* SPSourceWifiTVC.m */ = {isa = PBXFileReference; fileEncoding = 4; lastKnownFileType = sourcecode.c.objc; path = SPSourceWifiTVC.m; sourceTree = "<group>"; };
		0328F6BA10B088DD0074A5A1 /* SPSourcePhoneTVC.h */ = {isa = PBXFileReference; fileEncoding = 4; lastKnownFileType = sourcecode.c.h; path = SPSourcePhoneTVC.h; sourceTree = "<group>"; };
		0328F6BB10B088DD0074A5A1 /* SPSourcePhoneTVC.m */ = {isa = PBXFileReference; fileEncoding = 4; lastKnownFileType = sourcecode.c.objc; path = SPSourcePhoneTVC.m; sourceTree = "<group>"; };
		0328F74210B095BA0074A5A1 /* MapKit.framework */ = {isa = PBXFileReference; lastKnownFileType = wrapper.framework; name = MapKit.framework; path = System/Library/Frameworks/MapKit.framework; sourceTree = SDKROOT; };
		0328F75010B09AA60074A5A1 /* SPSourceLocationTVC.h */ = {isa = PBXFileReference; fileEncoding = 4; lastKnownFileType = sourcecode.c.h; path = SPSourceLocationTVC.h; sourceTree = "<group>"; };
		0328F75110B09AA60074A5A1 /* SPSourceLocationTVC.m */ = {isa = PBXFileReference; fileEncoding = 4; lastKnownFileType = sourcecode.c.objc; path = SPSourceLocationTVC.m; sourceTree = "<group>"; };
		0328F80D10B0A8B70074A5A1 /* SPSourcePhotosTVC.h */ = {isa = PBXFileReference; fileEncoding = 4; lastKnownFileType = sourcecode.c.h; path = SPSourcePhotosTVC.h; sourceTree = "<group>"; };
		0328F80E10B0A8B70074A5A1 /* SPSourcePhotosTVC.m */ = {isa = PBXFileReference; fileEncoding = 4; lastKnownFileType = sourcecode.c.objc; path = SPSourcePhotosTVC.m; sourceTree = "<group>"; };
		0328F8BB10B0B1780074A5A1 /* SPWebViewVC.xib */ = {isa = PBXFileReference; lastKnownFileType = file.xib; path = SPWebViewVC.xib; sourceTree = "<group>"; };
		0328F8BE10B0B1AE0074A5A1 /* SPWebViewVC.h */ = {isa = PBXFileReference; fileEncoding = 4; lastKnownFileType = sourcecode.c.h; path = SPWebViewVC.h; sourceTree = "<group>"; };
		0328F8BF10B0B1AE0074A5A1 /* SPWebViewVC.m */ = {isa = PBXFileReference; fileEncoding = 4; lastKnownFileType = sourcecode.c.objc; path = SPWebViewVC.m; sourceTree = "<group>"; };
		0328F95F10B0CB140074A5A1 /* SPSourceAddressBookTVC.h */ = {isa = PBXFileReference; fileEncoding = 4; lastKnownFileType = sourcecode.c.h; path = SPSourceAddressBookTVC.h; sourceTree = "<group>"; };
		0328F96010B0CB140074A5A1 /* SPSourceAddressBookTVC.m */ = {isa = PBXFileReference; fileEncoding = 4; lastKnownFileType = sourcecode.c.objc; path = SPSourceAddressBookTVC.m; sourceTree = "<group>"; };
		032A7D8F10B844EF00E7FB65 /* CoreLocation.framework */ = {isa = PBXFileReference; lastKnownFileType = wrapper.framework; name = CoreLocation.framework; path = System/Library/Frameworks/CoreLocation.framework; sourceTree = SDKROOT; };
		032A7E0410B84C1800E7FB65 /* UIImage+GPS.h */ = {isa = PBXFileReference; fileEncoding = 4; lastKnownFileType = sourcecode.c.h; path = "UIImage+GPS.h"; sourceTree = "<group>"; };
		032A7E0510B84C1800E7FB65 /* UIImage+GPS.m */ = {isa = PBXFileReference; fileEncoding = 4; lastKnownFileType = sourcecode.c.objc; path = "UIImage+GPS.m"; sourceTree = "<group>"; };
		032A7EAC10B85E7F00E7FB65 /* SPImageMapVC.xib */ = {isa = PBXFileReference; lastKnownFileType = file.xib; path = SPImageMapVC.xib; sourceTree = "<group>"; };
		032A7EAF10B85E9C00E7FB65 /* SPImageMapVC.h */ = {isa = PBXFileReference; fileEncoding = 4; lastKnownFileType = sourcecode.c.h; path = SPImageMapVC.h; sourceTree = "<group>"; };
		032A7EB010B85E9C00E7FB65 /* SPImageMapVC.m */ = {isa = PBXFileReference; fileEncoding = 4; lastKnownFileType = sourcecode.c.objc; path = SPImageMapVC.m; sourceTree = "<group>"; };
		032A7EC910B8617C00E7FB65 /* SPImageAnnotation.h */ = {isa = PBXFileReference; fileEncoding = 4; lastKnownFileType = sourcecode.c.h; path = SPImageAnnotation.h; sourceTree = "<group>"; };
		032A7ECA10B8617C00E7FB65 /* SPImageAnnotation.m */ = {isa = PBXFileReference; fileEncoding = 4; lastKnownFileType = sourcecode.c.objc; path = SPImageAnnotation.m; sourceTree = "<group>"; };
		032A809910B8799300E7FB65 /* SPImageVC.xib */ = {isa = PBXFileReference; lastKnownFileType = file.xib; path = SPImageVC.xib; sourceTree = "<group>"; };
		032A80F110B8816300E7FB65 /* white_hat.png */ = {isa = PBXFileReference; lastKnownFileType = image.png; path = white_hat.png; sourceTree = "<group>"; };
		032A80F210B8816300E7FB65 /* Icon.png */ = {isa = PBXFileReference; lastKnownFileType = image.png; path = Icon.png; sourceTree = "<group>"; };
		032A811B10B883FB00E7FB65 /* Default.png */ = {isa = PBXFileReference; lastKnownFileType = image.png; path = Default.png; sourceTree = "<group>"; };
		032A819210B8E7BA00E7FB65 /* SPEmailReportVC.xib */ = {isa = PBXFileReference; lastKnownFileType = file.xib; path = SPEmailReportVC.xib; sourceTree = "<group>"; };
		032A819510B8E7C600E7FB65 /* SPEmailReportVC.h */ = {isa = PBXFileReference; fileEncoding = 4; lastKnownFileType = sourcecode.c.h; path = SPEmailReportVC.h; sourceTree = "<group>"; };
		032A819610B8E7C600E7FB65 /* SPEmailReportVC.m */ = {isa = PBXFileReference; fileEncoding = 4; lastKnownFileType = sourcecode.c.objc; path = SPEmailReportVC.m; sourceTree = "<group>"; };
		032A81C910B8EB6100E7FB65 /* MessageUI.framework */ = {isa = PBXFileReference; lastKnownFileType = wrapper.framework; name = MessageUI.framework; path = System/Library/Frameworks/MessageUI.framework; sourceTree = SDKROOT; };
		03380593127CEC2500EAFE64 /* FMDatabase.h */ = {isa = PBXFileReference; fileEncoding = 4; lastKnownFileType = sourcecode.c.h; name = FMDatabase.h; path = FMDB/FMDatabase.h; sourceTree = SOURCE_ROOT; };
		03380594127CEC2500EAFE64 /* FMDatabase.m */ = {isa = PBXFileReference; fileEncoding = 4; lastKnownFileType = sourcecode.c.objc; name = FMDatabase.m; path = FMDB/FMDatabase.m; sourceTree = SOURCE_ROOT; };
		03380595127CEC2500EAFE64 /* FMDatabaseAdditions.h */ = {isa = PBXFileReference; fileEncoding = 4; lastKnownFileType = sourcecode.c.h; name = FMDatabaseAdditions.h; path = FMDB/FMDatabaseAdditions.h; sourceTree = SOURCE_ROOT; };
		03380596127CEC2500EAFE64 /* FMDatabaseAdditions.m */ = {isa = PBXFileReference; fileEncoding = 4; lastKnownFileType = sourcecode.c.objc; name = FMDatabaseAdditions.m; path = FMDB/FMDatabaseAdditions.m; sourceTree = SOURCE_ROOT; };
		03380597127CEC2500EAFE64 /* FMResultSet.h */ = {isa = PBXFileReference; fileEncoding = 4; lastKnownFileType = sourcecode.c.h; name = FMResultSet.h; path = FMDB/FMResultSet.h; sourceTree = SOURCE_ROOT; };
		03380598127CEC2500EAFE64 /* FMResultSet.m */ = {isa = PBXFileReference; fileEncoding = 4; lastKnownFileType = sourcecode.c.objc; name = FMResultSet.m; path = FMDB/FMResultSet.m; sourceTree = SOURCE_ROOT; };
		0338059C127CEC3100EAFE64 /* EXF.h */ = {isa = PBXFileReference; fileEncoding = 4; lastKnownFileType = sourcecode.c.h; name = EXF.h; path = EXIF/EXF.h; sourceTree = SOURCE_ROOT; };
		0338059D127CEC3100EAFE64 /* EXFConstants.h */ = {isa = PBXFileReference; fileEncoding = 4; lastKnownFileType = sourcecode.c.h; name = EXFConstants.h; path = EXIF/EXFConstants.h; sourceTree = SOURCE_ROOT; };
		0338059E127CEC3100EAFE64 /* EXFGPS.h */ = {isa = PBXFileReference; fileEncoding = 4; lastKnownFileType = sourcecode.c.h; name = EXFGPS.h; path = EXIF/EXFGPS.h; sourceTree = SOURCE_ROOT; };
		0338059F127CEC3100EAFE64 /* EXFGPS.m */ = {isa = PBXFileReference; fileEncoding = 4; lastKnownFileType = sourcecode.c.objc; name = EXFGPS.m; path = EXIF/EXFGPS.m; sourceTree = SOURCE_ROOT; };
		033805A0127CEC3100EAFE64 /* EXFHandlers.h */ = {isa = PBXFileReference; fileEncoding = 4; lastKnownFileType = sourcecode.c.h; name = EXFHandlers.h; path = EXIF/EXFHandlers.h; sourceTree = SOURCE_ROOT; };
		033805A1127CEC3100EAFE64 /* EXFHandlers.m */ = {isa = PBXFileReference; fileEncoding = 4; lastKnownFileType = sourcecode.c.objc; name = EXFHandlers.m; path = EXIF/EXFHandlers.m; sourceTree = SOURCE_ROOT; };
		033805A2127CEC3100EAFE64 /* EXFJFIF.h */ = {isa = PBXFileReference; fileEncoding = 4; lastKnownFileType = sourcecode.c.h; name = EXFJFIF.h; path = EXIF/EXFJFIF.h; sourceTree = SOURCE_ROOT; };
		033805A3127CEC3100EAFE64 /* EXFJFIF.m */ = {isa = PBXFileReference; fileEncoding = 4; lastKnownFileType = sourcecode.c.objc; name = EXFJFIF.m; path = EXIF/EXFJFIF.m; sourceTree = SOURCE_ROOT; };
		033805A4127CEC3100EAFE64 /* EXFJpeg.h */ = {isa = PBXFileReference; fileEncoding = 4; lastKnownFileType = sourcecode.c.h; name = EXFJpeg.h; path = EXIF/EXFJpeg.h; sourceTree = SOURCE_ROOT; };
		033805A5127CEC3100EAFE64 /* EXFJpeg.m */ = {isa = PBXFileReference; fileEncoding = 4; lastKnownFileType = sourcecode.c.objc; name = EXFJpeg.m; path = EXIF/EXFJpeg.m; sourceTree = SOURCE_ROOT; };
		033805A6127CEC3100EAFE64 /* EXFLogging.h */ = {isa = PBXFileReference; fileEncoding = 4; lastKnownFileType = sourcecode.c.h; name = EXFLogging.h; path = EXIF/EXFLogging.h; sourceTree = SOURCE_ROOT; };
		033805A7127CEC3100EAFE64 /* EXFMetaData.h */ = {isa = PBXFileReference; fileEncoding = 4; lastKnownFileType = sourcecode.c.h; name = EXFMetaData.h; path = EXIF/EXFMetaData.h; sourceTree = SOURCE_ROOT; };
		033805A8127CEC3100EAFE64 /* EXFMetaData.m */ = {isa = PBXFileReference; fileEncoding = 4; lastKnownFileType = sourcecode.c.objc; name = EXFMetaData.m; path = EXIF/EXFMetaData.m; sourceTree = SOURCE_ROOT; };
		033805A9127CEC3100EAFE64 /* EXFMutableMetaData.h */ = {isa = PBXFileReference; fileEncoding = 4; lastKnownFileType = sourcecode.c.h; name = EXFMutableMetaData.h; path = EXIF/EXFMutableMetaData.h; sourceTree = SOURCE_ROOT; };
		033805AA127CEC3100EAFE64 /* EXFTagDefinitionHolder.h */ = {isa = PBXFileReference; fileEncoding = 4; lastKnownFileType = sourcecode.c.h; name = EXFTagDefinitionHolder.h; path = EXIF/EXFTagDefinitionHolder.h; sourceTree = SOURCE_ROOT; };
		033805AB127CEC3100EAFE64 /* EXFTagDefinitionHolder.m */ = {isa = PBXFileReference; fileEncoding = 4; lastKnownFileType = sourcecode.c.objc; name = EXFTagDefinitionHolder.m; path = EXIF/EXFTagDefinitionHolder.m; sourceTree = SOURCE_ROOT; };
		033805AC127CEC3100EAFE64 /* EXFUtils.h */ = {isa = PBXFileReference; fileEncoding = 4; lastKnownFileType = sourcecode.c.h; name = EXFUtils.h; path = EXIF/EXFUtils.h; sourceTree = SOURCE_ROOT; };
		033805AD127CEC3100EAFE64 /* EXFUtils.m */ = {isa = PBXFileReference; fileEncoding = 4; lastKnownFileType = sourcecode.c.objc; name = EXFUtils.m; path = EXIF/EXFUtils.m; sourceTree = SOURCE_ROOT; };
		033805B6127CEC4200EAFE64 /* OUILookupTool.h */ = {isa = PBXFileReference; fileEncoding = 4; lastKnownFileType = sourcecode.c.h; path = OUILookupTool.h; sourceTree = "<group>"; };
		033805B7127CEC4200EAFE64 /* OUILookupTool.m */ = {isa = PBXFileReference; fileEncoding = 4; lastKnownFileType = sourcecode.c.objc; path = OUILookupTool.m; sourceTree = "<group>"; };
		033805CC127CECF900EAFE64 /* JSON.h */ = {isa = PBXFileReference; fileEncoding = 4; lastKnownFileType = sourcecode.c.h; path = JSON.h; sourceTree = "<group>"; };
		033805CD127CECF900EAFE64 /* LICENSE */ = {isa = PBXFileReference; fileEncoding = 4; lastKnownFileType = text; path = LICENSE; sourceTree = "<group>"; };
		033805CE127CECF900EAFE64 /* NSObject+SBJSON.h */ = {isa = PBXFileReference; fileEncoding = 4; lastKnownFileType = sourcecode.c.h; path = "NSObject+SBJSON.h"; sourceTree = "<group>"; };
		033805CF127CECF900EAFE64 /* NSObject+SBJSON.m */ = {isa = PBXFileReference; fileEncoding = 4; lastKnownFileType = sourcecode.c.objc; path = "NSObject+SBJSON.m"; sourceTree = "<group>"; };
		033805D0127CECF900EAFE64 /* NSString+SBJSON.h */ = {isa = PBXFileReference; fileEncoding = 4; lastKnownFileType = sourcecode.c.h; path = "NSString+SBJSON.h"; sourceTree = "<group>"; };
		033805D1127CECF900EAFE64 /* NSString+SBJSON.m */ = {isa = PBXFileReference; fileEncoding = 4; lastKnownFileType = sourcecode.c.objc; path = "NSString+SBJSON.m"; sourceTree = "<group>"; };
		033805D2127CECF900EAFE64 /* Readme.markdown */ = {isa = PBXFileReference; fileEncoding = 4; lastKnownFileType = text; path = Readme.markdown; sourceTree = "<group>"; };
		033805D3127CECF900EAFE64 /* SBJsonBase.h */ = {isa = PBXFileReference; fileEncoding = 4; lastKnownFileType = sourcecode.c.h; path = SBJsonBase.h; sourceTree = "<group>"; };
		033805D4127CECF900EAFE64 /* SBJsonBase.m */ = {isa = PBXFileReference; fileEncoding = 4; lastKnownFileType = sourcecode.c.objc; path = SBJsonBase.m; sourceTree = "<group>"; };
		033805D5127CECF900EAFE64 /* SBJsonParser.h */ = {isa = PBXFileReference; fileEncoding = 4; lastKnownFileType = sourcecode.c.h; path = SBJsonParser.h; sourceTree = "<group>"; };
		033805D6127CECF900EAFE64 /* SBJsonParser.m */ = {isa = PBXFileReference; fileEncoding = 4; lastKnownFileType = sourcecode.c.objc; path = SBJsonParser.m; sourceTree = "<group>"; };
		033805D7127CECF900EAFE64 /* SBJsonStreamWriter.h */ = {isa = PBXFileReference; fileEncoding = 4; lastKnownFileType = sourcecode.c.h; path = SBJsonStreamWriter.h; sourceTree = "<group>"; };
		033805D8127CECF900EAFE64 /* SBJsonStreamWriter.m */ = {isa = PBXFileReference; fileEncoding = 4; lastKnownFileType = sourcecode.c.objc; path = SBJsonStreamWriter.m; sourceTree = "<group>"; };
		033805D9127CECF900EAFE64 /* SBJsonWriter.h */ = {isa = PBXFileReference; fileEncoding = 4; lastKnownFileType = sourcecode.c.h; path = SBJsonWriter.h; sourceTree = "<group>"; };
		033805DA127CECF900EAFE64 /* SBJsonWriter.m */ = {isa = PBXFileReference; fileEncoding = 4; lastKnownFileType = sourcecode.c.objc; path = SBJsonWriter.m; sourceTree = "<group>"; };
		033805DB127CECF900EAFE64 /* SBProxyForJson.h */ = {isa = PBXFileReference; fileEncoding = 4; lastKnownFileType = sourcecode.c.h; path = SBProxyForJson.h; sourceTree = "<group>"; };
		0364933F10B16DDD00C88803 /* SPSourceKeyboardTVC.h */ = {isa = PBXFileReference; fileEncoding = 4; lastKnownFileType = sourcecode.c.h; path = SPSourceKeyboardTVC.h; sourceTree = "<group>"; };
		0364934010B16DDD00C88803 /* SPSourceKeyboardTVC.m */ = {isa = PBXFileReference; fileEncoding = 4; lastKnownFileType = sourcecode.c.objc; path = SPSourceKeyboardTVC.m; sourceTree = "<group>"; };
		0364948A10B28BC800C88803 /* SPSourceTVC.h */ = {isa = PBXFileReference; fileEncoding = 4; lastKnownFileType = sourcecode.c.h; path = SPSourceTVC.h; sourceTree = "<group>"; };
		0364948B10B28BC800C88803 /* SPSourceTVC.m */ = {isa = PBXFileReference; fileEncoding = 4; lastKnownFileType = sourcecode.c.objc; path = SPSourceTVC.m; sourceTree = "<group>"; };
		037D3A7F10F3D57B003A85B0 /* SPEmailMobileMeAccount.h */ = {isa = PBXFileReference; fileEncoding = 4; lastKnownFileType = sourcecode.c.h; path = SPEmailMobileMeAccount.h; sourceTree = "<group>"; };
		037D3A8010F3D57B003A85B0 /* SPEmailMobileMeAccount.m */ = {isa = PBXFileReference; fileEncoding = 4; lastKnownFileType = sourcecode.c.objc; path = SPEmailMobileMeAccount.m; sourceTree = "<group>"; };
		037F2E0D128D2E6300EE7E19 /* QuartzCore.framework */ = {isa = PBXFileReference; lastKnownFileType = wrapper.framework; name = QuartzCore.framework; path = System/Library/Frameworks/QuartzCore.framework; sourceTree = SDKROOT; };
		03B2C04D10BB624F00E05ECB /* Keyboard.png */ = {isa = PBXFileReference; lastKnownFileType = image.png; path = Keyboard.png; sourceTree = "<group>"; };
		03B2C06010BB62A300E05ECB /* data.png */ = {isa = PBXFileReference; lastKnownFileType = image.png; path = data.png; sourceTree = "<group>"; };
		03B2C09310BB66DB00E05ECB /* report.png */ = {isa = PBXFileReference; lastKnownFileType = image.png; path = report.png; sourceTree = "<group>"; };
		03B6EFC910BB547600CF9139 /* gpl-2.0.txt */ = {isa = PBXFileReference; fileEncoding = 4; lastKnownFileType = text; path = "gpl-2.0.txt"; sourceTree = "<group>"; };
		03B6F00310BB588A00CF9139 /* white_hat_mask.png */ = {isa = PBXFileReference; lastKnownFileType = image.png; path = white_hat_mask.png; sourceTree = "<group>"; };
		03B6F03410BB5F4800CF9139 /* email_mask.png */ = {isa = PBXFileReference; lastKnownFileType = image.png; path = email_mask.png; sourceTree = "<group>"; };
		03F2472E1236E25E0017F214 /* libsqlite3.dylib */ = {isa = PBXFileReference; lastKnownFileType = "compiled.mach-o.dylib"; name = libsqlite3.dylib; path = /usr/lib/libsqlite3.dylib; sourceTree = "<absolute>"; };
		03F2481D1236EFAC0017F214 /* NSNumber+SP.h */ = {isa = PBXFileReference; fileEncoding = 4; lastKnownFileType = sourcecode.c.h; path = "NSNumber+SP.h"; sourceTree = "<group>"; };
		03F2481E1236EFAC0017F214 /* NSNumber+SP.m */ = {isa = PBXFileReference; fileEncoding = 4; lastKnownFileType = sourcecode.c.objc; path = "NSNumber+SP.m"; sourceTree = "<group>"; };
		1D30AB110D05D00D00671497 /* Foundation.framework */ = {isa = PBXFileReference; lastKnownFileType = wrapper.framework; name = Foundation.framework; path = System/Library/Frameworks/Foundation.framework; sourceTree = SDKROOT; };
		1D3623240D0F684500981E51 /* SpyPhoneAppDelegate.h */ = {isa = PBXFileReference; fileEncoding = 4; lastKnownFileType = sourcecode.c.h; path = SpyPhoneAppDelegate.h; sourceTree = "<group>"; };
		1D3623250D0F684500981E51 /* SpyPhoneAppDelegate.m */ = {isa = PBXFileReference; fileEncoding = 4; lastKnownFileType = sourcecode.c.objc; path = SpyPhoneAppDelegate.m; sourceTree = "<group>"; };
		1D6058910D05DD3D006BFB54 /* SpyPhone.app */ = {isa = PBXFileReference; explicitFileType = wrapper.application; includeInIndex = 0; path = SpyPhone.app; sourceTree = BUILT_PRODUCTS_DIR; };
		1DF5F4DF0D08C38300B7A737 /* UIKit.framework */ = {isa = PBXFileReference; lastKnownFileType = wrapper.framework; name = UIKit.framework; path = System/Library/Frameworks/UIKit.framework; sourceTree = SDKROOT; };
		282CCBFD0DB6C98000C4EA27 /* Sources.xib */ = {isa = PBXFileReference; lastKnownFileType = file.xib; path = Sources.xib; sourceTree = "<group>"; };
		288765070DF74369002DB57D /* CoreGraphics.framework */ = {isa = PBXFileReference; lastKnownFileType = wrapper.framework; name = CoreGraphics.framework; path = System/Library/Frameworks/CoreGraphics.framework; sourceTree = SDKROOT; };
		28A0AB4B0D9B1048005BE974 /* SpyPhone_Prefix.pch */ = {isa = PBXFileReference; fileEncoding = 4; lastKnownFileType = sourcecode.c.h; path = SpyPhone_Prefix.pch; sourceTree = "<group>"; };
		28AD73870D9D96C1002E5188 /* MainWindow.xib */ = {isa = PBXFileReference; lastKnownFileType = file.xib; path = MainWindow.xib; sourceTree = "<group>"; };
		29B97316FDCFA39411CA2CEA /* main.m */ = {isa = PBXFileReference; fileEncoding = 4; lastKnownFileType = sourcecode.c.objc; path = main.m; sourceTree = "<group>"; };
		5F0DA1BA12829A6E00CD3B56 /* TVOutManager.h */ = {isa = PBXFileReference; fileEncoding = 4; lastKnownFileType = sourcecode.c.h; path = TVOutManager.h; sourceTree = "<group>"; };
		5F0DA1BB12829A6E00CD3B56 /* TVOutManager.m */ = {isa = PBXFileReference; fileEncoding = 4; lastKnownFileType = sourcecode.c.objc; path = TVOutManager.m; sourceTree = "<group>"; };
		5F38C608127EBB37003CA424 /* CoreTelephony.framework */ = {isa = PBXFileReference; lastKnownFileType = wrapper.framework; name = CoreTelephony.framework; path = System/Library/Frameworks/CoreTelephony.framework; sourceTree = SDKROOT; };
		8D1107310486CEB800E47090 /* SpyPhone-Info.plist */ = {isa = PBXFileReference; fileEncoding = 4; lastKnownFileType = text.plist.xml; path = "SpyPhone-Info.plist"; plistStructureDefinitionIdentifier = "com.apple.xcode.plist.structure-definition.iphone.info-plist"; sourceTree = "<group>"; };
/* End PBXFileReference section */

/* Begin PBXFrameworksBuildPhase section */
		1D60588F0D05DD3D006BFB54 /* Frameworks */ = {
			isa = PBXFrameworksBuildPhase;
			buildActionMask = 2147483647;
			files = (
				1D60589F0D05DD5A006BFB54 /* Foundation.framework in Frameworks */,
				1DF5F4E00D08C38300B7A737 /* UIKit.framework in Frameworks */,
				288765080DF74369002DB57D /* CoreGraphics.framework in Frameworks */,
				0328F74310B095BA0074A5A1 /* MapKit.framework in Frameworks */,
				031749AF10B6FB9C00B6116E /* AddressBook.framework in Frameworks */,
				032A7D9010B844EF00E7FB65 /* CoreLocation.framework in Frameworks */,
				032A81CA10B8EB6100E7FB65 /* MessageUI.framework in Frameworks */,
				0317DE6910FF95CC00C5C2D4 /* MediaPlayer.framework in Frameworks */,
				03F2472F1236E25E0017F214 /* libsqlite3.dylib in Frameworks */,
				5F38C609127EBB37003CA424 /* CoreTelephony.framework in Frameworks */,
				037F2E0E128D2E6300EE7E19 /* QuartzCore.framework in Frameworks */,
			);
			runOnlyForDeploymentPostprocessing = 0;
		};
/* End PBXFrameworksBuildPhase section */

/* Begin PBXGroup section */
		031748C110B6E67C00B6116E /* SPEmailAccounts */ = {
			isa = PBXGroup;
			children = (
				031748BE10B6E63E00B6116E /* SPEmailAccount.h */,
				031748BF10B6E63E00B6116E /* SPEmailAccount.m */,
				031748B710B6E35C00B6116E /* SPEmailASAccount.h */,
				031748B810B6E35C00B6116E /* SPEmailASAccount.m */,
				031748C510B6E98800B6116E /* SPEmailPOPAccount.h */,
				031748C610B6E98800B6116E /* SPEmailPOPAccount.m */,
				031748C810B6E9A000B6116E /* SPEmailIToolsAccount.h */,
				031748C910B6E9A000B6116E /* SPEmailIToolsAccount.m */,
				0317498410B6F3A300B6116E /* SPEmailGmailAccount.h */,
				0317498510B6F3A300B6116E /* SPEmailGmailAccount.m */,
				0317498710B6F49300B6116E /* SPEmailIMAPAccount.h */,
				0317498810B6F49300B6116E /* SPEmailIMAPAccount.m */,
				037D3A7F10F3D57B003A85B0 /* SPEmailMobileMeAccount.h */,
				037D3A8010F3D57B003A85B0 /* SPEmailMobileMeAccount.m */,
			);
			name = SPEmailAccounts;
			sourceTree = "<group>";
		};
		031748C210B6E68E00B6116E /* SPSources */ = {
			isa = PBXGroup;
			children = (
				0364948A10B28BC800C88803 /* SPSourceTVC.h */,
				0364948B10B28BC800C88803 /* SPSourceTVC.m */,
				0328F56810B071110074A5A1 /* SPSourceEmailTVC.h */,
				0328F56910B071110074A5A1 /* SPSourceEmailTVC.m */,
				0328F61710B07F360074A5A1 /* SPSourceWifiTVC.h */,
				0328F61810B07F360074A5A1 /* SPSourceWifiTVC.m */,
				0328F6BA10B088DD0074A5A1 /* SPSourcePhoneTVC.h */,
				0328F6BB10B088DD0074A5A1 /* SPSourcePhoneTVC.m */,
				0328F75010B09AA60074A5A1 /* SPSourceLocationTVC.h */,
				0328F75110B09AA60074A5A1 /* SPSourceLocationTVC.m */,
				0328F80D10B0A8B70074A5A1 /* SPSourcePhotosTVC.h */,
				0328F80E10B0A8B70074A5A1 /* SPSourcePhotosTVC.m */,
				0328F95F10B0CB140074A5A1 /* SPSourceAddressBookTVC.h */,
				0328F96010B0CB140074A5A1 /* SPSourceAddressBookTVC.m */,
				0364933F10B16DDD00C88803 /* SPSourceKeyboardTVC.h */,
				0364934010B16DDD00C88803 /* SPSourceKeyboardTVC.m */,
			);
			name = SPSources;
			sourceTree = "<group>";
		};
		032A7B9010B829D100E7FB65 /* EXIF */ = {
			isa = PBXGroup;
			children = (
				0338059C127CEC3100EAFE64 /* EXF.h */,
				0338059D127CEC3100EAFE64 /* EXFConstants.h */,
				0338059E127CEC3100EAFE64 /* EXFGPS.h */,
				0338059F127CEC3100EAFE64 /* EXFGPS.m */,
				033805A0127CEC3100EAFE64 /* EXFHandlers.h */,
				033805A1127CEC3100EAFE64 /* EXFHandlers.m */,
				033805A2127CEC3100EAFE64 /* EXFJFIF.h */,
				033805A3127CEC3100EAFE64 /* EXFJFIF.m */,
				033805A4127CEC3100EAFE64 /* EXFJpeg.h */,
				033805A5127CEC3100EAFE64 /* EXFJpeg.m */,
				033805A6127CEC3100EAFE64 /* EXFLogging.h */,
				033805A7127CEC3100EAFE64 /* EXFMetaData.h */,
				033805A8127CEC3100EAFE64 /* EXFMetaData.m */,
				033805A9127CEC3100EAFE64 /* EXFMutableMetaData.h */,
				033805AA127CEC3100EAFE64 /* EXFTagDefinitionHolder.h */,
				033805AB127CEC3100EAFE64 /* EXFTagDefinitionHolder.m */,
				033805AC127CEC3100EAFE64 /* EXFUtils.h */,
				033805AD127CEC3100EAFE64 /* EXFUtils.m */,
				032A7E0410B84C1800E7FB65 /* UIImage+GPS.h */,
				032A7E0510B84C1800E7FB65 /* UIImage+GPS.m */,
			);
			name = EXIF;
			sourceTree = "<group>";
		};
		033805B5127CEC4200EAFE64 /* OUILookupTool */ = {
			isa = PBXGroup;
			children = (
				033805B6127CEC4200EAFE64 /* OUILookupTool.h */,
				033805B7127CEC4200EAFE64 /* OUILookupTool.m */,
			);
			path = OUILookupTool;
			sourceTree = SOURCE_ROOT;
		};
		033805CB127CECF900EAFE64 /* JSON */ = {
			isa = PBXGroup;
			children = (
				033805CC127CECF900EAFE64 /* JSON.h */,
				033805CD127CECF900EAFE64 /* LICENSE */,
				033805CE127CECF900EAFE64 /* NSObject+SBJSON.h */,
				033805CF127CECF900EAFE64 /* NSObject+SBJSON.m */,
				033805D0127CECF900EAFE64 /* NSString+SBJSON.h */,
				033805D1127CECF900EAFE64 /* NSString+SBJSON.m */,
				033805D2127CECF900EAFE64 /* Readme.markdown */,
				033805D3127CECF900EAFE64 /* SBJsonBase.h */,
				033805D4127CECF900EAFE64 /* SBJsonBase.m */,
				033805D5127CECF900EAFE64 /* SBJsonParser.h */,
				033805D6127CECF900EAFE64 /* SBJsonParser.m */,
				033805D7127CECF900EAFE64 /* SBJsonStreamWriter.h */,
				033805D8127CECF900EAFE64 /* SBJsonStreamWriter.m */,
				033805D9127CECF900EAFE64 /* SBJsonWriter.h */,
				033805DA127CECF900EAFE64 /* SBJsonWriter.m */,
				033805DB127CECF900EAFE64 /* SBProxyForJson.h */,
			);
			path = JSON;
			sourceTree = SOURCE_ROOT;
		};
		03B6EFF510BB577A00CF9139 /* SPSourcesIcons */ = {
			isa = PBXGroup;
			children = (
				031CD54810BB4A29007C133E /* Email.png */,
				031CD5C110BB502A007C133E /* Wifi.png */,
				031CD54B10BB4A29007C133E /* Phone.png */,
				031CD54910BB4A29007C133E /* Location.png */,
				031CD5EA10BB5152007C133E /* Safari.png */,
				031CD5BD10BB5004007C133E /* YouTube.png */,
				031CD54C10BB4A29007C133E /* Photos.png */,
				031CD5BB10BB4F7B007C133E /* AddressBook.png */,
				03B2C04D10BB624F00E05ECB /* Keyboard.png */,
			);
			name = SPSourcesIcons;
			sourceTree = "<group>";
		};
		03F2470B1236E1180017F214 /* FMDB */ = {
			isa = PBXGroup;
			children = (
				03380593127CEC2500EAFE64 /* FMDatabase.h */,
				03380594127CEC2500EAFE64 /* FMDatabase.m */,
				03380595127CEC2500EAFE64 /* FMDatabaseAdditions.h */,
				03380596127CEC2500EAFE64 /* FMDatabaseAdditions.m */,
				03380597127CEC2500EAFE64 /* FMResultSet.h */,
				03380598127CEC2500EAFE64 /* FMResultSet.m */,
			);
			name = FMDB;
			sourceTree = "<group>";
		};
		080E96DDFE201D6D7F000001 /* Classes */ = {
			isa = PBXGroup;
			children = (
				5F0DA1BA12829A6E00CD3B56 /* TVOutManager.h */,
				5F0DA1BB12829A6E00CD3B56 /* TVOutManager.m */,
				03F2470B1236E1180017F214 /* FMDB */,
				032A7B9010B829D100E7FB65 /* EXIF */,
				033805CB127CECF900EAFE64 /* JSON */,
				033805B5127CEC4200EAFE64 /* OUILookupTool */,
				031748C110B6E67C00B6116E /* SPEmailAccounts */,
				031748C210B6E68E00B6116E /* SPSources */,
				0328F50810B065530074A5A1 /* SPCell.h */,
				0328F50910B065530074A5A1 /* SPCell.m */,
				1D3623240D0F684500981E51 /* SpyPhoneAppDelegate.h */,
				1D3623250D0F684500981E51 /* SpyPhoneAppDelegate.m */,
				0328F4CD10B0614A0074A5A1 /* SPAllSourcesTVC.h */,
				0328F4CE10B0614A0074A5A1 /* SPAllSourcesTVC.m */,
				0328F8BE10B0B1AE0074A5A1 /* SPWebViewVC.h */,
				0328F8BF10B0B1AE0074A5A1 /* SPWebViewVC.m */,
				032A7EAF10B85E9C00E7FB65 /* SPImageMapVC.h */,
				032A7EB010B85E9C00E7FB65 /* SPImageMapVC.m */,
				030AFB2B127D08BF00C9E0C6 /* SPWifiMapVC.h */,
				030AFB2C127D08BF00C9E0C6 /* SPWifiMapVC.m */,
				0310C65310C4BE0800E7ACD2 /* SPImageVC.h */,
				0310C65410C4BE0800E7ACD2 /* SPImageVC.m */,
				032A7EC910B8617C00E7FB65 /* SPImageAnnotation.h */,
				032A7ECA10B8617C00E7FB65 /* SPImageAnnotation.m */,
				030AFBA2127D0D6F00C9E0C6 /* SPWifiAnnotation.h */,
				030AFBA3127D0D6F00C9E0C6 /* SPWifiAnnotation.m */,
				032A819510B8E7C600E7FB65 /* SPEmailReportVC.h */,
				032A819610B8E7C600E7FB65 /* SPEmailReportVC.m */,
				03F2481D1236EFAC0017F214 /* NSNumber+SP.h */,
				03F2481E1236EFAC0017F214 /* NSNumber+SP.m */,
			);
			path = Classes;
			sourceTree = "<group>";
		};
		19C28FACFE9D520D11CA2CBB /* Products */ = {
			isa = PBXGroup;
			children = (
				1D6058910D05DD3D006BFB54 /* SpyPhone.app */,
			);
			name = Products;
			sourceTree = "<group>";
		};
		29B97314FDCFA39411CA2CEA /* MyData */ = {
			isa = PBXGroup;
			children = (
				03B6EFC910BB547600CF9139 /* gpl-2.0.txt */,
				080E96DDFE201D6D7F000001 /* Classes */,
				29B97315FDCFA39411CA2CEA /* Other Sources */,
				29B97317FDCFA39411CA2CEA /* Resources */,
				29B97323FDCFA39411CA2CEA /* Frameworks */,
				19C28FACFE9D520D11CA2CBB /* Products */,
			);
			name = MyData;
			sourceTree = "<group>";
		};
		29B97315FDCFA39411CA2CEA /* Other Sources */ = {
			isa = PBXGroup;
			children = (
				28A0AB4B0D9B1048005BE974 /* SpyPhone_Prefix.pch */,
				29B97316FDCFA39411CA2CEA /* main.m */,
			);
			name = "Other Sources";
			sourceTree = "<group>";
		};
		29B97317FDCFA39411CA2CEA /* Resources */ = {
			isa = PBXGroup;
			children = (
				03B6F00310BB588A00CF9139 /* white_hat_mask.png */,
				03B6F03410BB5F4800CF9139 /* email_mask.png */,
				03B2C06010BB62A300E05ECB /* data.png */,
				03B2C09310BB66DB00E05ECB /* report.png */,
				03B6EFF510BB577A00CF9139 /* SPSourcesIcons */,
				032A811B10B883FB00E7FB65 /* Default.png */,
				032A80F210B8816300E7FB65 /* Icon.png */,
				032A80F110B8816300E7FB65 /* white_hat.png */,
				28AD73870D9D96C1002E5188 /* MainWindow.xib */,
				282CCBFD0DB6C98000C4EA27 /* Sources.xib */,
				0328F51310B065B80074A5A1 /* SPCell.xib */,
				8D1107310486CEB800E47090 /* SpyPhone-Info.plist */,
				0328F56210B070AE0074A5A1 /* SPSourceTVC.xib */,
				0328F8BB10B0B1780074A5A1 /* SPWebViewVC.xib */,
				032A7EAC10B85E7F00E7FB65 /* SPImageMapVC.xib */,
				030AFB2D127D08BF00C9E0C6 /* SPWifiMapVC.xib */,
				032A809910B8799300E7FB65 /* SPImageVC.xib */,
				032A819210B8E7BA00E7FB65 /* SPEmailReportVC.xib */,
				0317DE7B10FF98E900C5C2D4 /* Settings.bundle */,
			);
			name = Resources;
			sourceTree = "<group>";
		};
		29B97323FDCFA39411CA2CEA /* Frameworks */ = {
			isa = PBXGroup;
			children = (
				5F38C608127EBB37003CA424 /* CoreTelephony.framework */,
				03F2472E1236E25E0017F214 /* libsqlite3.dylib */,
				1DF5F4DF0D08C38300B7A737 /* UIKit.framework */,
				1D30AB110D05D00D00671497 /* Foundation.framework */,
				288765070DF74369002DB57D /* CoreGraphics.framework */,
				0328F74210B095BA0074A5A1 /* MapKit.framework */,
				031749AE10B6FB9C00B6116E /* AddressBook.framework */,
				032A7D8F10B844EF00E7FB65 /* CoreLocation.framework */,
				032A81C910B8EB6100E7FB65 /* MessageUI.framework */,
				0317DE6810FF95CC00C5C2D4 /* MediaPlayer.framework */,
				037F2E0D128D2E6300EE7E19 /* QuartzCore.framework */,
			);
			name = Frameworks;
			sourceTree = "<group>";
		};
/* End PBXGroup section */

/* Begin PBXNativeTarget section */
		1D6058900D05DD3D006BFB54 /* SpyPhone */ = {
			isa = PBXNativeTarget;
			buildConfigurationList = 1D6058960D05DD3E006BFB54 /* Build configuration list for PBXNativeTarget "SpyPhone" */;
			buildPhases = (
				1D60588D0D05DD3D006BFB54 /* Resources */,
				1D60588E0D05DD3D006BFB54 /* Sources */,
				1D60588F0D05DD3D006BFB54 /* Frameworks */,
			);
			buildRules = (
			);
			dependencies = (
			);
			name = SpyPhone;
			productName = MyData;
			productReference = 1D6058910D05DD3D006BFB54 /* SpyPhone.app */;
			productType = "com.apple.product-type.application";
		};
/* End PBXNativeTarget section */

/* Begin PBXProject section */
		29B97313FDCFA39411CA2CEA /* Project object */ = {
			isa = PBXProject;
			attributes = {
				LastUpgradeCheck = 0420;
			};
			buildConfigurationList = C01FCF4E08A954540054247B /* Build configuration list for PBXProject "SpyPhone" */;
			compatibilityVersion = "Xcode 3.2";
			developmentRegion = English;
			hasScannedForEncodings = 1;
			knownRegions = (
				English,
				Japanese,
				French,
				German,
			);
			mainGroup = 29B97314FDCFA39411CA2CEA /* MyData */;
			projectDirPath = "";
			projectRoot = "";
			targets = (
				1D6058900D05DD3D006BFB54 /* SpyPhone */,
			);
		};
/* End PBXProject section */

/* Begin PBXResourcesBuildPhase section */
		1D60588D0D05DD3D006BFB54 /* Resources */ = {
			isa = PBXResourcesBuildPhase;
			buildActionMask = 2147483647;
			files = (
				28AD73880D9D96C1002E5188 /* MainWindow.xib in Resources */,
				282CCBFE0DB6C98000C4EA27 /* Sources.xib in Resources */,
				0328F51410B065B80074A5A1 /* SPCell.xib in Resources */,
				0328F56310B070AE0074A5A1 /* SPSourceTVC.xib in Resources */,
				0328F8BC10B0B1780074A5A1 /* SPWebViewVC.xib in Resources */,
				032A7EAD10B85E7F00E7FB65 /* SPImageMapVC.xib in Resources */,
				032A809A10B8799300E7FB65 /* SPImageVC.xib in Resources */,
				032A80F410B8816300E7FB65 /* Icon.png in Resources */,
				032A810110B8821D00E7FB65 /* white_hat.png in Resources */,
				032A811C10B883FB00E7FB65 /* Default.png in Resources */,
				032A819310B8E7BA00E7FB65 /* SPEmailReportVC.xib in Resources */,
				031CD55010BB4A29007C133E /* Email.png in Resources */,
				031CD55110BB4A29007C133E /* Location.png in Resources */,
				031CD55310BB4A29007C133E /* Phone.png in Resources */,
				031CD55410BB4A29007C133E /* Photos.png in Resources */,
				031CD5BC10BB4F7B007C133E /* AddressBook.png in Resources */,
				031CD5BE10BB5004007C133E /* YouTube.png in Resources */,
				031CD5C210BB502A007C133E /* Wifi.png in Resources */,
				031CD5EB10BB5152007C133E /* Safari.png in Resources */,
				03B6EFCA10BB547600CF9139 /* gpl-2.0.txt in Resources */,
				03B6F00410BB588A00CF9139 /* white_hat_mask.png in Resources */,
				03B6F03510BB5F4800CF9139 /* email_mask.png in Resources */,
				03B2C04E10BB624F00E05ECB /* Keyboard.png in Resources */,
				03B2C06110BB62A300E05ECB /* data.png in Resources */,
				03B2C09410BB66DB00E05ECB /* report.png in Resources */,
				0317DE7C10FF98E900C5C2D4 /* Settings.bundle in Resources */,
				033805DC127CECF900EAFE64 /* LICENSE in Resources */,
				033805DF127CECF900EAFE64 /* Readme.markdown in Resources */,
				030AFB2F127D08BF00C9E0C6 /* SPWifiMapVC.xib in Resources */,
			);
			runOnlyForDeploymentPostprocessing = 0;
		};
/* End PBXResourcesBuildPhase section */

/* Begin PBXSourcesBuildPhase section */
		1D60588E0D05DD3D006BFB54 /* Sources */ = {
			isa = PBXSourcesBuildPhase;
			buildActionMask = 2147483647;
			files = (
				1D60589B0D05DD56006BFB54 /* main.m in Sources */,
				1D3623260D0F684500981E51 /* SpyPhoneAppDelegate.m in Sources */,
				0328F4CF10B0614A0074A5A1 /* SPAllSourcesTVC.m in Sources */,
				0328F50A10B065530074A5A1 /* SPCell.m in Sources */,
				0328F56A10B071110074A5A1 /* SPSourceEmailTVC.m in Sources */,
				0328F61910B07F360074A5A1 /* SPSourceWifiTVC.m in Sources */,
				0328F6BC10B088DD0074A5A1 /* SPSourcePhoneTVC.m in Sources */,
				0328F75210B09AA60074A5A1 /* SPSourceLocationTVC.m in Sources */,
				0328F80F10B0A8B70074A5A1 /* SPSourcePhotosTVC.m in Sources */,
				0328F8C010B0B1AE0074A5A1 /* SPWebViewVC.m in Sources */,
				0328F96110B0CB140074A5A1 /* SPSourceAddressBookTVC.m in Sources */,
				0364934110B16DDD00C88803 /* SPSourceKeyboardTVC.m in Sources */,
				0364948C10B28BC800C88803 /* SPSourceTVC.m in Sources */,
				031748B910B6E35C00B6116E /* SPEmailASAccount.m in Sources */,
				031748C010B6E63E00B6116E /* SPEmailAccount.m in Sources */,
				031748C710B6E98800B6116E /* SPEmailPOPAccount.m in Sources */,
				031748CA10B6E9A000B6116E /* SPEmailIToolsAccount.m in Sources */,
				0317498610B6F3A300B6116E /* SPEmailGmailAccount.m in Sources */,
				0317498910B6F49300B6116E /* SPEmailIMAPAccount.m in Sources */,
				032A7E0610B84C1800E7FB65 /* UIImage+GPS.m in Sources */,
				032A7EB110B85E9C00E7FB65 /* SPImageMapVC.m in Sources */,
				032A7ECB10B8617C00E7FB65 /* SPImageAnnotation.m in Sources */,
				032A819710B8E7C600E7FB65 /* SPEmailReportVC.m in Sources */,
				0310C65510C4BE0800E7ACD2 /* SPImageVC.m in Sources */,
				037D3A8110F3D57B003A85B0 /* SPEmailMobileMeAccount.m in Sources */,
				03F2481F1236EFAC0017F214 /* NSNumber+SP.m in Sources */,
				03380599127CEC2500EAFE64 /* FMDatabase.m in Sources */,
				0338059A127CEC2500EAFE64 /* FMDatabaseAdditions.m in Sources */,
				0338059B127CEC2500EAFE64 /* FMResultSet.m in Sources */,
				033805AE127CEC3100EAFE64 /* EXFGPS.m in Sources */,
				033805AF127CEC3100EAFE64 /* EXFHandlers.m in Sources */,
				033805B0127CEC3100EAFE64 /* EXFJFIF.m in Sources */,
				033805B1127CEC3100EAFE64 /* EXFJpeg.m in Sources */,
				033805B2127CEC3100EAFE64 /* EXFMetaData.m in Sources */,
				033805B3127CEC3100EAFE64 /* EXFTagDefinitionHolder.m in Sources */,
				033805B4127CEC3100EAFE64 /* EXFUtils.m in Sources */,
				033805B8127CEC4200EAFE64 /* OUILookupTool.m in Sources */,
				033805DD127CECF900EAFE64 /* NSObject+SBJSON.m in Sources */,
				033805DE127CECF900EAFE64 /* NSString+SBJSON.m in Sources */,
				033805E0127CECF900EAFE64 /* SBJsonBase.m in Sources */,
				033805E1127CECF900EAFE64 /* SBJsonParser.m in Sources */,
				033805E2127CECF900EAFE64 /* SBJsonStreamWriter.m in Sources */,
				033805E3127CECF900EAFE64 /* SBJsonWriter.m in Sources */,
				030AFB2E127D08BF00C9E0C6 /* SPWifiMapVC.m in Sources */,
				030AFBA4127D0D6F00C9E0C6 /* SPWifiAnnotation.m in Sources */,
				5F0DA1BC12829A6E00CD3B56 /* TVOutManager.m in Sources */,
			);
			runOnlyForDeploymentPostprocessing = 0;
		};
/* End PBXSourcesBuildPhase section */

/* Begin XCBuildConfiguration section */
		1D6058940D05DD3E006BFB54 /* Debug */ = {
			isa = XCBuildConfiguration;
			buildSettings = {
				ALWAYS_SEARCH_USER_PATHS = NO;
				COPY_PHASE_STRIP = NO;
				GCC_DYNAMIC_NO_PIC = NO;
				GCC_OPTIMIZATION_LEVEL = 0;
				GCC_PRECOMPILE_PREFIX_HEADER = YES;
				GCC_PREFIX_HEADER = SpyPhone_Prefix.pch;
				INFOPLIST_FILE = "SpyPhone-Info.plist";
				LIBRARY_SEARCH_PATHS = (
					"$(inherited)",
					"\"$(SRCROOT)\"",
				);
				PRODUCT_NAME = SpyPhone;
			};
			name = Debug;
		};
		1D6058950D05DD3E006BFB54 /* Release */ = {
			isa = XCBuildConfiguration;
			buildSettings = {
				ALWAYS_SEARCH_USER_PATHS = NO;
				COPY_PHASE_STRIP = YES;
				GCC_PRECOMPILE_PREFIX_HEADER = YES;
				GCC_PREFIX_HEADER = SpyPhone_Prefix.pch;
				INFOPLIST_FILE = "SpyPhone-Info.plist";
				LIBRARY_SEARCH_PATHS = (
					"$(inherited)",
					"\"$(SRCROOT)\"",
				);
				PRODUCT_NAME = SpyPhone;
			};
			name = Release;
		};
		C01FCF4F08A954540054247B /* Debug */ = {
			isa = XCBuildConfiguration;
			buildSettings = {
				ARCHS = "$(ARCHS_STANDARD_32_BIT)";
				CODE_SIGN_IDENTITY = "iPhone Developer";
				"CODE_SIGN_IDENTITY[sdk=iphoneos*]" = "iPhone Developer";
				GCC_C_LANGUAGE_STANDARD = c99;
				GCC_WARN_ABOUT_MISSING_PROTOTYPES = YES;
				GCC_WARN_ABOUT_RETURN_TYPE = YES;
				GCC_WARN_UNUSED_VARIABLE = YES;
				PROVISIONING_PROFILE = "";
				"PROVISIONING_PROFILE[sdk=iphoneos*]" = "";
				SDKROOT = iphoneos;
			};
			name = Debug;
		};
		C01FCF5008A954540054247B /* Release */ = {
			isa = XCBuildConfiguration;
			buildSettings = {
				ARCHS = "$(ARCHS_STANDARD_32_BIT)";
				CODE_SIGN_IDENTITY = "iPhone Developer";
				"CODE_SIGN_IDENTITY[sdk=iphoneos*]" = "iPhone Developer";
				GCC_C_LANGUAGE_STANDARD = c99;
				GCC_WARN_ABOUT_MISSING_PROTOTYPES = YES;
				GCC_WARN_ABOUT_RETURN_TYPE = YES;
				GCC_WARN_UNUSED_VARIABLE = YES;
				PROVISIONING_PROFILE = "";
				"PROVISIONING_PROFILE[sdk=iphoneos*]" = "";
				SDKROOT = iphoneos;
			};
			name = Release;
		};
/* End XCBuildConfiguration section */

/* Begin XCConfigurationList section */
		1D6058960D05DD3E006BFB54 /* Build configuration list for PBXNativeTarget "SpyPhone" */ = {
			isa = XCConfigurationList;
			buildConfigurations = (
				1D6058940D05DD3E006BFB54 /* Debug */,
				1D6058950D05DD3E006BFB54 /* Release */,
			);
			defaultConfigurationIsVisible = 0;
			defaultConfigurationName = Debug;
		};
		C01FCF4E08A954540054247B /* Build configuration list for PBXProject "SpyPhone" */ = {
			isa = XCConfigurationList;
			buildConfigurations = (
				C01FCF4F08A954540054247B /* Debug */,
				C01FCF5008A954540054247B /* Release */,
			);
			defaultConfigurationIsVisible = 0;
			defaultConfigurationName = Debug;
		};
/* End XCConfigurationList section */
	};
	rootObject = 29B97313FDCFA39411CA2CEA /* Project object */;
}
